// !$*UTF8*$!
{
	archiveVersion = 1;
	classes = {
	};
	objectVersion = 55;
	objects = {

/* Begin PBXBuildFile section */
		ECB6C6C6289ACC5B00CE0A06 /* spacexApp.swift in Sources */ = {isa = PBXBuildFile; fileRef = ECB6C6C5289ACC5B00CE0A06 /* spacexApp.swift */; };
		ECB6C6C8289ACC5B00CE0A06 /* LaunchListView.swift in Sources */ = {isa = PBXBuildFile; fileRef = ECB6C6C7289ACC5B00CE0A06 /* LaunchListView.swift */; };
		ECB6C6CA289ACC5D00CE0A06 /* Assets.xcassets in Resources */ = {isa = PBXBuildFile; fileRef = ECB6C6C9289ACC5D00CE0A06 /* Assets.xcassets */; };
		ECB6C6CD289ACC5D00CE0A06 /* Preview Assets.xcassets in Resources */ = {isa = PBXBuildFile; fileRef = ECB6C6CC289ACC5D00CE0A06 /* Preview Assets.xcassets */; };
		ECB6C6D4289AD51500CE0A06 /* FetchService.swift in Sources */ = {isa = PBXBuildFile; fileRef = ECB6C6D3289AD51500CE0A06 /* FetchService.swift */; };
		ECB6C74C289AE6A600CE0A06 /* ImageLoaderService.swift in Sources */ = {isa = PBXBuildFile; fileRef = ECB6C74B289AE6A600CE0A06 /* ImageLoaderService.swift */; };
		ECB6C74E289B193700CE0A06 /* ImageCache.swift in Sources */ = {isa = PBXBuildFile; fileRef = ECB6C74D289B193700CE0A06 /* ImageCache.swift */; };
		ECB6C750289B1CD400CE0A06 /* LaunchDetailsView.swift in Sources */ = {isa = PBXBuildFile; fileRef = ECB6C74F289B1CD400CE0A06 /* LaunchDetailsView.swift */; };
		ECB6C755289C36D900CE0A06 /* Launch.swift in Sources */ = {isa = PBXBuildFile; fileRef = ECB6C754289C36D900CE0A06 /* Launch.swift */; };
		ECB6C757289C376B00CE0A06 /* Rocket.swift in Sources */ = {isa = PBXBuildFile; fileRef = ECB6C756289C376B00CE0A06 /* Rocket.swift */; };
		ECB6C759289C4B4900CE0A06 /* Payload.swift in Sources */ = {isa = PBXBuildFile; fileRef = ECB6C758289C4B4900CE0A06 /* Payload.swift */; };
		ECB6C75C289C5F2D00CE0A06 /* LaunchDetailsViewModels.swift in Sources */ = {isa = PBXBuildFile; fileRef = ECB6C75B289C5F2D00CE0A06 /* LaunchDetailsViewModels.swift */; };
		ECB6C75E289C5F7A00CE0A06 /* VideoView.swift in Sources */ = {isa = PBXBuildFile; fileRef = ECB6C75D289C5F7A00CE0A06 /* VideoView.swift */; };
		ECB6C760289C5FA100CE0A06 /* LaunchImageView.swift in Sources */ = {isa = PBXBuildFile; fileRef = ECB6C75F289C5FA100CE0A06 /* LaunchImageView.swift */; };
		ECB6C762289C5FD200CE0A06 /* LaunchListViewModels.swift in Sources */ = {isa = PBXBuildFile; fileRef = ECB6C761289C5FD200CE0A06 /* LaunchListViewModels.swift */; };
/* End PBXBuildFile section */

/* Begin PBXFileReference section */
		ECB6C6C2289ACC5B00CE0A06 /* spacex.app */ = {isa = PBXFileReference; explicitFileType = wrapper.application; includeInIndex = 0; path = spacex.app; sourceTree = BUILT_PRODUCTS_DIR; };
		ECB6C6C5289ACC5B00CE0A06 /* spacexApp.swift */ = {isa = PBXFileReference; lastKnownFileType = sourcecode.swift; path = spacexApp.swift; sourceTree = "<group>"; };
		ECB6C6C7289ACC5B00CE0A06 /* LaunchListView.swift */ = {isa = PBXFileReference; lastKnownFileType = sourcecode.swift; path = LaunchListView.swift; sourceTree = "<group>"; };
		ECB6C6C9289ACC5D00CE0A06 /* Assets.xcassets */ = {isa = PBXFileReference; lastKnownFileType = folder.assetcatalog; path = Assets.xcassets; sourceTree = "<group>"; };
		ECB6C6CC289ACC5D00CE0A06 /* Preview Assets.xcassets */ = {isa = PBXFileReference; lastKnownFileType = folder.assetcatalog; path = "Preview Assets.xcassets"; sourceTree = "<group>"; };
		ECB6C6D3289AD51500CE0A06 /* FetchService.swift */ = {isa = PBXFileReference; lastKnownFileType = sourcecode.swift; path = FetchService.swift; sourceTree = "<group>"; };
		ECB6C74B289AE6A600CE0A06 /* ImageLoaderService.swift */ = {isa = PBXFileReference; lastKnownFileType = sourcecode.swift; path = ImageLoaderService.swift; sourceTree = "<group>"; };
		ECB6C74D289B193700CE0A06 /* ImageCache.swift */ = {isa = PBXFileReference; lastKnownFileType = sourcecode.swift; path = ImageCache.swift; sourceTree = "<group>"; };
		ECB6C74F289B1CD400CE0A06 /* LaunchDetailsView.swift */ = {isa = PBXFileReference; lastKnownFileType = sourcecode.swift; path = LaunchDetailsView.swift; sourceTree = "<group>"; };
		ECB6C754289C36D900CE0A06 /* Launch.swift */ = {isa = PBXFileReference; lastKnownFileType = sourcecode.swift; path = Launch.swift; sourceTree = "<group>"; };
		ECB6C756289C376B00CE0A06 /* Rocket.swift */ = {isa = PBXFileReference; lastKnownFileType = sourcecode.swift; path = Rocket.swift; sourceTree = "<group>"; };
		ECB6C758289C4B4900CE0A06 /* Payload.swift */ = {isa = PBXFileReference; lastKnownFileType = sourcecode.swift; path = Payload.swift; sourceTree = "<group>"; };
		ECB6C75B289C5F2D00CE0A06 /* LaunchDetailsViewModels.swift */ = {isa = PBXFileReference; lastKnownFileType = sourcecode.swift; path = LaunchDetailsViewModels.swift; sourceTree = "<group>"; };
		ECB6C75D289C5F7A00CE0A06 /* VideoView.swift */ = {isa = PBXFileReference; lastKnownFileType = sourcecode.swift; path = VideoView.swift; sourceTree = "<group>"; };
		ECB6C75F289C5FA100CE0A06 /* LaunchImageView.swift */ = {isa = PBXFileReference; lastKnownFileType = sourcecode.swift; path = LaunchImageView.swift; sourceTree = "<group>"; };
		ECB6C761289C5FD200CE0A06 /* LaunchListViewModels.swift */ = {isa = PBXFileReference; lastKnownFileType = sourcecode.swift; path = LaunchListViewModels.swift; sourceTree = "<group>"; };
/* End PBXFileReference section */

/* Begin PBXFrameworksBuildPhase section */
		ECB6C6BF289ACC5B00CE0A06 /* Frameworks */ = {
			isa = PBXFrameworksBuildPhase;
			buildActionMask = 2147483647;
			files = (
			);
			runOnlyForDeploymentPostprocessing = 0;
		};
/* End PBXFrameworksBuildPhase section */

/* Begin PBXGroup section */
		ECB6C6B9289ACC5B00CE0A06 = {
			isa = PBXGroup;
			children = (
				ECB6C6C4289ACC5B00CE0A06 /* spacex */,
				ECB6C6C3289ACC5B00CE0A06 /* Products */,
			);
			sourceTree = "<group>";
		};
		ECB6C6C3289ACC5B00CE0A06 /* Products */ = {
			isa = PBXGroup;
			children = (
				ECB6C6C2289ACC5B00CE0A06 /* spacex.app */,
			);
			name = Products;
			sourceTree = "<group>";
		};
		ECB6C6C4289ACC5B00CE0A06 /* spacex */ = {
			isa = PBXGroup;
			children = (
				ECB6C763289C5FEB00CE0A06 /* Utils */,
				ECB6C75A289C5F0A00CE0A06 /* View Models */,
				ECB6C753289C36CA00CE0A06 /* Models */,
				ECB6C752289C367500CE0A06 /* Views */,
				ECB6C751289C366800CE0A06 /* Services */,
				ECB6C6C5289ACC5B00CE0A06 /* spacexApp.swift */,
				ECB6C6C9289ACC5D00CE0A06 /* Assets.xcassets */,
				ECB6C6CB289ACC5D00CE0A06 /* Preview Content */,
			);
			path = spacex;
			sourceTree = "<group>";
		};
		ECB6C6CB289ACC5D00CE0A06 /* Preview Content */ = {
			isa = PBXGroup;
			children = (
				ECB6C6CC289ACC5D00CE0A06 /* Preview Assets.xcassets */,
			);
			path = "Preview Content";
			sourceTree = "<group>";
		};
		ECB6C751289C366800CE0A06 /* Services */ = {
			isa = PBXGroup;
			children = (
				ECB6C6D3289AD51500CE0A06 /* FetchService.swift */,
				ECB6C74B289AE6A600CE0A06 /* ImageLoaderService.swift */,
			);
			path = Services;
			sourceTree = "<group>";
		};
		ECB6C752289C367500CE0A06 /* Views */ = {
			isa = PBXGroup;
			children = (
				ECB6C6C7289ACC5B00CE0A06 /* LaunchListView.swift */,
				ECB6C74F289B1CD400CE0A06 /* LaunchDetailsView.swift */,
				ECB6C75D289C5F7A00CE0A06 /* VideoView.swift */,
				ECB6C75F289C5FA100CE0A06 /* LaunchImageView.swift */,
			);
			path = Views;
			sourceTree = "<group>";
		};
		ECB6C753289C36CA00CE0A06 /* Models */ = {
			isa = PBXGroup;
			children = (
				ECB6C754289C36D900CE0A06 /* Launch.swift */,
				ECB6C756289C376B00CE0A06 /* Rocket.swift */,
				ECB6C758289C4B4900CE0A06 /* Payload.swift */,
			);
			path = Models;
			sourceTree = "<group>";
		};
		ECB6C75A289C5F0A00CE0A06 /* View Models */ = {
			isa = PBXGroup;
			children = (
				ECB6C75B289C5F2D00CE0A06 /* LaunchDetailsViewModels.swift */,
				ECB6C761289C5FD200CE0A06 /* LaunchListViewModels.swift */,
			);
			path = "View Models";
			sourceTree = "<group>";
		};
		ECB6C763289C5FEB00CE0A06 /* Utils */ = {
			isa = PBXGroup;
			children = (
				ECB6C74D289B193700CE0A06 /* ImageCache.swift */,
			);
			path = Utils;
			sourceTree = "<group>";
		};
/* End PBXGroup section */

/* Begin PBXNativeTarget section */
		ECB6C6C1289ACC5B00CE0A06 /* spacex */ = {
			isa = PBXNativeTarget;
			buildConfigurationList = ECB6C6D0289ACC5D00CE0A06 /* Build configuration list for PBXNativeTarget "spacex" */;
			buildPhases = (
				ECB6C6BE289ACC5B00CE0A06 /* Sources */,
				ECB6C6BF289ACC5B00CE0A06 /* Frameworks */,
				ECB6C6C0289ACC5B00CE0A06 /* Resources */,
			);
			buildRules = (
			);
			dependencies = (
			);
			name = spacex;
			productName = spacex;
			productReference = ECB6C6C2289ACC5B00CE0A06 /* spacex.app */;
			productType = "com.apple.product-type.application";
		};
/* End PBXNativeTarget section */

/* Begin PBXProject section */
		ECB6C6BA289ACC5B00CE0A06 /* Project object */ = {
			isa = PBXProject;
			attributes = {
				BuildIndependentTargetsInParallel = 1;
				LastSwiftUpdateCheck = 1340;
				LastUpgradeCheck = 1340;
				TargetAttributes = {
					ECB6C6C1289ACC5B00CE0A06 = {
						CreatedOnToolsVersion = 13.4.1;
					};
				};
			};
			buildConfigurationList = ECB6C6BD289ACC5B00CE0A06 /* Build configuration list for PBXProject "spacex" */;
			compatibilityVersion = "Xcode 13.0";
			developmentRegion = en;
			hasScannedForEncodings = 0;
			knownRegions = (
				en,
				Base,
			);
			mainGroup = ECB6C6B9289ACC5B00CE0A06;
			productRefGroup = ECB6C6C3289ACC5B00CE0A06 /* Products */;
			projectDirPath = "";
			projectRoot = "";
			targets = (
				ECB6C6C1289ACC5B00CE0A06 /* spacex */,
			);
		};
/* End PBXProject section */

/* Begin PBXResourcesBuildPhase section */
		ECB6C6C0289ACC5B00CE0A06 /* Resources */ = {
			isa = PBXResourcesBuildPhase;
			buildActionMask = 2147483647;
			files = (
				ECB6C6CD289ACC5D00CE0A06 /* Preview Assets.xcassets in Resources */,
				ECB6C6CA289ACC5D00CE0A06 /* Assets.xcassets in Resources */,
			);
			runOnlyForDeploymentPostprocessing = 0;
		};
/* End PBXResourcesBuildPhase section */

/* Begin PBXSourcesBuildPhase section */
		ECB6C6BE289ACC5B00CE0A06 /* Sources */ = {
			isa = PBXSourcesBuildPhase;
			buildActionMask = 2147483647;
			files = (
				ECB6C74E289B193700CE0A06 /* ImageCache.swift in Sources */,
				ECB6C6C8289ACC5B00CE0A06 /* LaunchListView.swift in Sources */,
				ECB6C750289B1CD400CE0A06 /* LaunchDetailsView.swift in Sources */,
				ECB6C759289C4B4900CE0A06 /* Payload.swift in Sources */,
				ECB6C6D4289AD51500CE0A06 /* FetchService.swift in Sources */,
				ECB6C755289C36D900CE0A06 /* Launch.swift in Sources */,
				ECB6C74C289AE6A600CE0A06 /* ImageLoaderService.swift in Sources */,
				ECB6C75C289C5F2D00CE0A06 /* LaunchDetailsViewModels.swift in Sources */,
				ECB6C6C6289ACC5B00CE0A06 /* spacexApp.swift in Sources */,
				ECB6C762289C5FD200CE0A06 /* LaunchListViewModels.swift in Sources */,
				ECB6C760289C5FA100CE0A06 /* LaunchImageView.swift in Sources */,
				ECB6C75E289C5F7A00CE0A06 /* VideoView.swift in Sources */,
				ECB6C757289C376B00CE0A06 /* Rocket.swift in Sources */,
			);
			runOnlyForDeploymentPostprocessing = 0;
		};
/* End PBXSourcesBuildPhase section */

/* Begin XCBuildConfiguration section */
		ECB6C6CE289ACC5D00CE0A06 /* Debug */ = {
			isa = XCBuildConfiguration;
			buildSettings = {
				ALWAYS_SEARCH_USER_PATHS = NO;
				CLANG_ANALYZER_NONNULL = YES;
				CLANG_ANALYZER_NUMBER_OBJECT_CONVERSION = YES_AGGRESSIVE;
				CLANG_CXX_LANGUAGE_STANDARD = "gnu++17";
				CLANG_ENABLE_MODULES = YES;
				CLANG_ENABLE_OBJC_ARC = YES;
				CLANG_ENABLE_OBJC_WEAK = YES;
				CLANG_WARN_BLOCK_CAPTURE_AUTORELEASING = YES;
				CLANG_WARN_BOOL_CONVERSION = YES;
				CLANG_WARN_COMMA = YES;
				CLANG_WARN_CONSTANT_CONVERSION = YES;
				CLANG_WARN_DEPRECATED_OBJC_IMPLEMENTATIONS = YES;
				CLANG_WARN_DIRECT_OBJC_ISA_USAGE = YES_ERROR;
				CLANG_WARN_DOCUMENTATION_COMMENTS = YES;
				CLANG_WARN_EMPTY_BODY = YES;
				CLANG_WARN_ENUM_CONVERSION = YES;
				CLANG_WARN_INFINITE_RECURSION = YES;
				CLANG_WARN_INT_CONVERSION = YES;
				CLANG_WARN_NON_LITERAL_NULL_CONVERSION = YES;
				CLANG_WARN_OBJC_IMPLICIT_RETAIN_SELF = YES;
				CLANG_WARN_OBJC_LITERAL_CONVERSION = YES;
				CLANG_WARN_OBJC_ROOT_CLASS = YES_ERROR;
				CLANG_WARN_QUOTED_INCLUDE_IN_FRAMEWORK_HEADER = YES;
				CLANG_WARN_RANGE_LOOP_ANALYSIS = YES;
				CLANG_WARN_STRICT_PROTOTYPES = YES;
				CLANG_WARN_SUSPICIOUS_MOVE = YES;
				CLANG_WARN_UNGUARDED_AVAILABILITY = YES_AGGRESSIVE;
				CLANG_WARN_UNREACHABLE_CODE = YES;
				CLANG_WARN__DUPLICATE_METHOD_MATCH = YES;
				COPY_PHASE_STRIP = NO;
				DEBUG_INFORMATION_FORMAT = dwarf;
				ENABLE_STRICT_OBJC_MSGSEND = YES;
				ENABLE_TESTABILITY = YES;
				GCC_C_LANGUAGE_STANDARD = gnu11;
				GCC_DYNAMIC_NO_PIC = NO;
				GCC_NO_COMMON_BLOCKS = YES;
				GCC_OPTIMIZATION_LEVEL = 0;
				GCC_PREPROCESSOR_DEFINITIONS = (
					"DEBUG=1",
					"$(inherited)",
				);
				GCC_WARN_64_TO_32_BIT_CONVERSION = YES;
				GCC_WARN_ABOUT_RETURN_TYPE = YES_ERROR;
				GCC_WARN_UNDECLARED_SELECTOR = YES;
				GCC_WARN_UNINITIALIZED_AUTOS = YES_AGGRESSIVE;
				GCC_WARN_UNUSED_FUNCTION = YES;
				GCC_WARN_UNUSED_VARIABLE = YES;
				IPHONEOS_DEPLOYMENT_TARGET = 15.5;
				MTL_ENABLE_DEBUG_INFO = INCLUDE_SOURCE;
				MTL_FAST_MATH = YES;
				ONLY_ACTIVE_ARCH = YES;
				SDKROOT = iphoneos;
				SWIFT_ACTIVE_COMPILATION_CONDITIONS = DEBUG;
				SWIFT_OPTIMIZATION_LEVEL = "-Onone";
			};
			name = Debug;
		};
		ECB6C6CF289ACC5D00CE0A06 /* Release */ = {
			isa = XCBuildConfiguration;
			buildSettings = {
				ALWAYS_SEARCH_USER_PATHS = NO;
				CLANG_ANALYZER_NONNULL = YES;
				CLANG_ANALYZER_NUMBER_OBJECT_CONVERSION = YES_AGGRESSIVE;
				CLANG_CXX_LANGUAGE_STANDARD = "gnu++17";
				CLANG_ENABLE_MODULES = YES;
				CLANG_ENABLE_OBJC_ARC = YES;
				CLANG_ENABLE_OBJC_WEAK = YES;
				CLANG_WARN_BLOCK_CAPTURE_AUTORELEASING = YES;
				CLANG_WARN_BOOL_CONVERSION = YES;
				CLANG_WARN_COMMA = YES;
				CLANG_WARN_CONSTANT_CONVERSION = YES;
				CLANG_WARN_DEPRECATED_OBJC_IMPLEMENTATIONS = YES;
				CLANG_WARN_DIRECT_OBJC_ISA_USAGE = YES_ERROR;
				CLANG_WARN_DOCUMENTATION_COMMENTS = YES;
				CLANG_WARN_EMPTY_BODY = YES;
				CLANG_WARN_ENUM_CONVERSION = YES;
				CLANG_WARN_INFINITE_RECURSION = YES;
				CLANG_WARN_INT_CONVERSION = YES;
				CLANG_WARN_NON_LITERAL_NULL_CONVERSION = YES;
				CLANG_WARN_OBJC_IMPLICIT_RETAIN_SELF = YES;
				CLANG_WARN_OBJC_LITERAL_CONVERSION = YES;
				CLANG_WARN_OBJC_ROOT_CLASS = YES_ERROR;
				CLANG_WARN_QUOTED_INCLUDE_IN_FRAMEWORK_HEADER = YES;
				CLANG_WARN_RANGE_LOOP_ANALYSIS = YES;
				CLANG_WARN_STRICT_PROTOTYPES = YES;
				CLANG_WARN_SUSPICIOUS_MOVE = YES;
				CLANG_WARN_UNGUARDED_AVAILABILITY = YES_AGGRESSIVE;
				CLANG_WARN_UNREACHABLE_CODE = YES;
				CLANG_WARN__DUPLICATE_METHOD_MATCH = YES;
				COPY_PHASE_STRIP = NO;
				DEBUG_INFORMATION_FORMAT = "dwarf-with-dsym";
				ENABLE_NS_ASSERTIONS = NO;
				ENABLE_STRICT_OBJC_MSGSEND = YES;
				GCC_C_LANGUAGE_STANDARD = gnu11;
				GCC_NO_COMMON_BLOCKS = YES;
				GCC_WARN_64_TO_32_BIT_CONVERSION = YES;
				GCC_WARN_ABOUT_RETURN_TYPE = YES_ERROR;
				GCC_WARN_UNDECLARED_SELECTOR = YES;
				GCC_WARN_UNINITIALIZED_AUTOS = YES_AGGRESSIVE;
				GCC_WARN_UNUSED_FUNCTION = YES;
				GCC_WARN_UNUSED_VARIABLE = YES;
				IPHONEOS_DEPLOYMENT_TARGET = 15.5;
				MTL_ENABLE_DEBUG_INFO = NO;
				MTL_FAST_MATH = YES;
				SDKROOT = iphoneos;
				SWIFT_COMPILATION_MODE = wholemodule;
				SWIFT_OPTIMIZATION_LEVEL = "-O";
				VALIDATE_PRODUCT = YES;
			};
			name = Release;
		};
		ECB6C6D1289ACC5D00CE0A06 /* Debug */ = {
			isa = XCBuildConfiguration;
			buildSettings = {
				ASSETCATALOG_COMPILER_APPICON_NAME = AppIcon;
				ASSETCATALOG_COMPILER_GLOBAL_ACCENT_COLOR_NAME = AccentColor;
				CODE_SIGN_STYLE = Automatic;
				CURRENT_PROJECT_VERSION = 1;
				DEVELOPMENT_ASSET_PATHS = "\"spacex/Preview Content\"";
				DEVELOPMENT_TEAM = 244ZPVCBXT;
				ENABLE_PREVIEWS = YES;
				GENERATE_INFOPLIST_FILE = YES;
				INFOPLIST_KEY_UIApplicationSceneManifest_Generation = YES;
				INFOPLIST_KEY_UIApplicationSupportsIndirectInputEvents = YES;
				INFOPLIST_KEY_UILaunchScreen_Generation = YES;
				INFOPLIST_KEY_UISupportedInterfaceOrientations_iPad = "UIInterfaceOrientationPortrait UIInterfaceOrientationPortraitUpsideDown UIInterfaceOrientationLandscapeLeft UIInterfaceOrientationLandscapeRight";
				INFOPLIST_KEY_UISupportedInterfaceOrientations_iPhone = "UIInterfaceOrientationPortrait UIInterfaceOrientationLandscapeLeft UIInterfaceOrientationLandscapeRight";
				LD_RUNPATH_SEARCH_PATHS = (
					"$(inherited)",
					"@executable_path/Frameworks",
				);
				MARKETING_VERSION = 1.0;
				PRODUCT_BUNDLE_IDENTIFIER = io.diurnum.spacex;
				PRODUCT_NAME = "$(TARGET_NAME)";
				SWIFT_EMIT_LOC_STRINGS = YES;
				SWIFT_VERSION = 5.0;
				TARGETED_DEVICE_FAMILY = "1,2";
			};
			name = Debug;
		};
		ECB6C6D2289ACC5D00CE0A06 /* Release */ = {
			isa = XCBuildConfiguration;
			buildSettings = {
				ASSETCATALOG_COMPILER_APPICON_NAME = AppIcon;
				ASSETCATALOG_COMPILER_GLOBAL_ACCENT_COLOR_NAME = AccentColor;
				CODE_SIGN_STYLE = Automatic;
				CURRENT_PROJECT_VERSION = 1;
				DEVELOPMENT_ASSET_PATHS = "\"spacex/Preview Content\"";
				DEVELOPMENT_TEAM = 244ZPVCBXT;
				ENABLE_PREVIEWS = YES;
				GENERATE_INFOPLIST_FILE = YES;
				INFOPLIST_KEY_UIApplicationSceneManifest_Generation = YES;
				INFOPLIST_KEY_UIApplicationSupportsIndirectInputEvents = YES;
				INFOPLIST_KEY_UILaunchScreen_Generation = YES;
				INFOPLIST_KEY_UISupportedInterfaceOrientations_iPad = "UIInterfaceOrientationPortrait UIInterfaceOrientationPortraitUpsideDown UIInterfaceOrientationLandscapeLeft UIInterfaceOrientationLandscapeRight";
				INFOPLIST_KEY_UISupportedInterfaceOrientations_iPhone = "UIInterfaceOrientationPortrait UIInterfaceOrientationLandscapeLeft UIInterfaceOrientationLandscapeRight";
				LD_RUNPATH_SEARCH_PATHS = (
					"$(inherited)",
					"@executable_path/Frameworks",
				);
				MARKETING_VERSION = 1.0;
				PRODUCT_BUNDLE_IDENTIFIER = io.diurnum.spacex;
				PRODUCT_NAME = "$(TARGET_NAME)";
				SWIFT_EMIT_LOC_STRINGS = YES;
				SWIFT_VERSION = 5.0;
				TARGETED_DEVICE_FAMILY = "1,2";
			};
			name = Release;
		};
/* End XCBuildConfiguration section */

/* Begin XCConfigurationList section */
		ECB6C6BD289ACC5B00CE0A06 /* Build configuration list for PBXProject "spacex" */ = {
			isa = XCConfigurationList;
			buildConfigurations = (
				ECB6C6CE289ACC5D00CE0A06 /* Debug */,
				ECB6C6CF289ACC5D00CE0A06 /* Release */,
			);
			defaultConfigurationIsVisible = 0;
			defaultConfigurationName = Release;
		};
		ECB6C6D0289ACC5D00CE0A06 /* Build configuration list for PBXNativeTarget "spacex" */ = {
			isa = XCConfigurationList;
			buildConfigurations = (
				ECB6C6D1289ACC5D00CE0A06 /* Debug */,
				ECB6C6D2289ACC5D00CE0A06 /* Release */,
			);
			defaultConfigurationIsVisible = 0;
			defaultConfigurationName = Release;
		};
/* End XCConfigurationList section */
	};
	rootObject = ECB6C6BA289ACC5B00CE0A06 /* Project object */;
}
